<?xml version="1.0" encoding="utf-8"?>
<Project ToolsVersion="4.0" xmlns="http://schemas.microsoft.com/developer/msbuild/2003">
  <ItemGroup>
    <Filter Include="Source Files">
      <UniqueIdentifier>{4FC737F1-C7A5-4376-A066-2A32D752A2FF}</UniqueIdentifier>
      <Extensions>cpp;cxx;c;def</Extensions>
    </Filter>
    <Filter Include="Header Files">
      <UniqueIdentifier>{93995380-89BD-4b04-88EB-625FBE52EBFB}</UniqueIdentifier>
      <Extensions>h</Extensions>
    </Filter>
    <Filter Include="Form Files">
      <UniqueIdentifier>{99349809-55BA-4b9d-BF79-8FDBB0286EB3}</UniqueIdentifier>
      <Extensions>ui</Extensions>
    </Filter>
    <Filter Include="Resource Files">
      <UniqueIdentifier>{D9D6E242-F8AF-46E4-B9FD-80ECBC20BA3E}</UniqueIdentifier>
      <Extensions>qrc;*</Extensions>
      <ParseFiles>false</ParseFiles>
    </Filter>
    <Filter Include="Generated Files">
      <UniqueIdentifier>{71ED8ED8-ACB9-4CE9-BBE1-E00B30144E11}</UniqueIdentifier>
      <Extensions>moc;h;cpp</Extensions>
      <SourceControlFiles>False</SourceControlFiles>
    </Filter>
    <Filter Include="Generated Files\Debug">
      <UniqueIdentifier>{e61eebfd-bc9d-4a46-ae35-e39f643edfcc}</UniqueIdentifier>
      <Extensions>cpp;moc</Extensions>
      <SourceControlFiles>False</SourceControlFiles>
    </Filter>
    <Filter Include="Generated Files\Release">
      <UniqueIdentifier>{bc85496d-5ea5-4ae8-822f-ccb0b145d778}</UniqueIdentifier>
      <Extensions>cpp;moc</Extensions>
      <SourceControlFiles>False</SourceControlFiles>
    </Filter>
    <Filter Include="Generated Files\StaticDebug">
      <UniqueIdentifier>{7b2ba642-a278-4fed-b0fc-362f60234e98}</UniqueIdentifier>
    </Filter>
    <Filter Include="Generated Files\StaticRelease">
      <UniqueIdentifier>{5a44bb39-d9f0-4c0c-9246-11855d2690a1}</UniqueIdentifier>
      <Extensions>cpp;moc</Extensions>
      <SourceControlFiles>False</SourceControlFiles>
    </Filter>
  </ItemGroup>
  <ItemGroup>
    <ClInclude Include="syntrolib_global.h">
      <Filter>Header Files</Filter>
    </ClInclude>
    <ClInclude Include="HelloDefs.h">
      <Filter>Header Files</Filter>
    </ClInclude>
    <ClInclude Include="SyntroDefs.h">
      <Filter>Header Files</Filter>
    </ClInclude>
    <ClInclude Include="SyntroLib.h">
      <Filter>Header Files</Filter>
    </ClInclude>
    <ClInclude Include="SyntroLink.h">
      <Filter>Header Files</Filter>
    </ClInclude>
    <ClInclude Include="SyntroUtils.h">
      <Filter>Header Files</Filter>
    </ClInclude>
    <ClInclude Include="SyntroRecord.h">
      <Filter>Header Files</Filter>
    </ClInclude>
    <ClInclude Include="SyntroCFSDefs.h">
      <Filter>Header Files</Filter>
    </ClInclude>
    <ClInclude Include="Logger.h">
      <Filter>Header Files</Filter>
    </ClInclude>
    <ClInclude Include="LogWrapper.h">
      <Filter>Header Files</Filter>
    </ClInclude>
    <ClInclude Include="SyntroComponentData.h">
      <Filter>Header Files</Filter>
    </ClInclude>
    <ClInclude Include="DirectoryEntry.h">
      <Filter>Header Files</Filter>
    </ClInclude>
    <ClInclude Include="SyntroClock.h">
      <Filter>Header Files</Filter>
    </ClInclude>
    <ClInclude Include="ChangeDetector.h">
      <Filter>Header Files</Filter>
    </ClInclude>
  </ItemGroup>
  <ItemGroup>
    <CustomBuild Include="SyntroSocket.h">
      <Filter>Header Files</Filter>
    </CustomBuild>
    <CustomBuild Include="SyntroThread.h">
      <Filter>Header Files</Filter>
    </CustomBuild>
    <CustomBuild Include="Hello.h">
      <Filter>Header Files</Filter>
    </CustomBuild>
    <CustomBuild Include="Endpoint.h">
      <Filter>Header Files</Filter>
    </CustomBuild>
  </ItemGroup>
  <ItemGroup>
    <ClCompile Include="Endpoint.cpp">
      <Filter>Source Files</Filter>
    </ClCompile>
    <ClCompile Include="Hello.cpp">
      <Filter>Source Files</Filter>
    </ClCompile>
    <ClCompile Include="SyntroLink.cpp">
      <Filter>Source Files</Filter>
    </ClCompile>
    <ClCompile Include="SyntroSocket.cpp">
      <Filter>Source Files</Filter>
    </ClCompile>
    <ClCompile Include="SyntroThread.cpp">
      <Filter>Source Files</Filter>
    </ClCompile>
    <ClCompile Include="SyntroUtils.cpp">
      <Filter>Source Files</Filter>
    </ClCompile>
    <ClCompile Include="GeneratedFiles\StaticDebug\moc_SyntroThread.cpp">
      <Filter>Generated Files\StaticDebug</Filter>
    </ClCompile>
    <ClCompile Include="GeneratedFiles\Debug\moc_SyntroThread.cpp">
      <Filter>Generated Files\Debug</Filter>
    </ClCompile>
    <ClCompile Include="GeneratedFiles\Release\moc_SyntroThread.cpp">
      <Filter>Generated Files\Release</Filter>
    </ClCompile>
    <ClCompile Include="GeneratedFiles\StaticRelease\moc_SyntroThread.cpp">
      <Filter>Generated Files\StaticRelease</Filter>
    </ClCompile>
    <ClCompile Include="GeneratedFiles\StaticDebug\moc_SyntroSocket.cpp">
      <Filter>Generated Files\StaticDebug</Filter>
    </ClCompile>
    <ClCompile Include="GeneratedFiles\Debug\moc_SyntroSocket.cpp">
      <Filter>Generated Files\Debug</Filter>
    </ClCompile>
    <ClCompile Include="GeneratedFiles\Release\moc_SyntroSocket.cpp">
      <Filter>Generated Files\Release</Filter>
    </ClCompile>
    <ClCompile Include="GeneratedFiles\StaticRelease\moc_SyntroSocket.cpp">
      <Filter>Generated Files\StaticRelease</Filter>
    </ClCompile>
    <ClCompile Include="GeneratedFiles\StaticDebug\moc_Hello.cpp">
      <Filter>Generated Files\StaticDebug</Filter>
    </ClCompile>
    <ClCompile Include="GeneratedFiles\Debug\moc_Hello.cpp">
      <Filter>Generated Files\Debug</Filter>
    </ClCompile>
    <ClCompile Include="GeneratedFiles\Release\moc_Hello.cpp">
      <Filter>Generated Files\Release</Filter>
    </ClCompile>
    <ClCompile Include="GeneratedFiles\StaticRelease\moc_Hello.cpp">
      <Filter>Generated Files\StaticRelease</Filter>
    </ClCompile>
    <ClCompile Include="Logger.cpp">
      <Filter>Source Files</Filter>
    </ClCompile>
    <ClCompile Include="LogWrapper.cpp">
      <Filter>Source Files</Filter>
    </ClCompile>
    <ClCompile Include="SyntroComponentData.cpp">
      <Filter>Source Files</Filter>
    </ClCompile>
    <ClCompile Include="DirectoryEntry.cpp">
      <Filter>Source Files</Filter>
    </ClCompile>
    <ClCompile Include="SyntroClock.cpp">
      <Filter>Source Files</Filter>
    </ClCompile>
    <ClCompile Include="ChangeDetector.cpp">
      <Filter>Source Files</Filter>
    </ClCompile>
  </ItemGroup>
</Project>