
Microsoft Visual Studio Solution File, Format Version 11.00
# Visual Studio 2010
Project("{8BC9CEB8-8B4A-11D0-8D11-00A0C91BC942}") = "SyntroLog", "SyntroLog.vcxproj", "{94B56E89-0AE3-4C47-96F9-897D2A437300}"
EndProject
Global
	GlobalSection(SolutionConfigurationPlatforms) = preSolution
		Debug|Win32 = Debug|Win32
		Release|Win32 = Release|Win32
		StaticDebug|Win32 = StaticDebug|Win32
		StaticRelease|Win32 = StaticRelease|Win32
	EndGlobalSection
	GlobalSection(ProjectConfigurationPlatforms) = postSolution
		{94B56E89-0AE3-4C47-96F9-897D2A437300}.Debug|Win32.ActiveCfg = Debug|Win32
		{94B56E89-0AE3-4C47-96F9-897D2A437300}.Debug|Win32.Build.0 = Debug|Win32
		{94B56E89-0AE3-4C47-96F9-897D2A437300}.Release|Win32.ActiveCfg = Release|Win32
		{94B56E89-0AE3-4C47-96F9-897D2A437300}.Release|Win32.Build.0 = Release|Win32
		{94B56E89-0AE3-4C47-96F9-897D2A437300}.StaticDebug|Win32.ActiveCfg = StaticDebug|Win32
		{94B56E89-0AE3-4C47-96F9-897D2A437300}.StaticDebug|Win32.Build.0 = StaticDebug|Win32
		{94B56E89-0AE3-4C47-96F9-897D2A437300}.StaticRelease|Win32.ActiveCfg = StaticRelease|Win32
		{94B56E89-0AE3-4C47-96F9-897D2A437300}.StaticRelease|Win32.Build.0 = StaticRelease|Win32
	EndGlobalSection
	GlobalSection(SolutionProperties) = preSolution
		HideSolutionNode = FALSE
	EndGlobalSection
EndGlobal
