<?xml version="1.0" encoding="utf-8"?>
<Project ToolsVersion="4.0" xmlns="http://schemas.microsoft.com/developer/msbuild/2003">
  <ItemGroup>
    <Filter Include="Source Files">
      <UniqueIdentifier>{4FC737F1-C7A5-4376-A066-2A32D752A2FF}</UniqueIdentifier>
      <Extensions>cpp;cxx;c;def</Extensions>
    </Filter>
    <Filter Include="Header Files">
      <UniqueIdentifier>{93995380-89BD-4b04-88EB-625FBE52EBFB}</UniqueIdentifier>
      <Extensions>h</Extensions>
    </Filter>
    <Filter Include="Form Files">
      <UniqueIdentifier>{99349809-55BA-4b9d-BF79-8FDBB0286EB3}</UniqueIdentifier>
      <Extensions>ui</Extensions>
    </Filter>
    <Filter Include="Resource Files">
      <UniqueIdentifier>{D9D6E242-F8AF-46E4-B9FD-80ECBC20BA3E}</UniqueIdentifier>
      <Extensions>qrc;*</Extensions>
      <ParseFiles>false</ParseFiles>
    </Filter>
    <Filter Include="Generated Files">
      <UniqueIdentifier>{71ED8ED8-ACB9-4CE9-BBE1-E00B30144E11}</UniqueIdentifier>
      <Extensions>moc;h;cpp</Extensions>
      <SourceControlFiles>False</SourceControlFiles>
    </Filter>
    <Filter Include="Generated Files\Debug">
      <UniqueIdentifier>{7227aa48-b4b9-4e8a-9789-321d0eb63116}</UniqueIdentifier>
      <Extensions>cpp;moc</Extensions>
      <SourceControlFiles>False</SourceControlFiles>
    </Filter>
    <Filter Include="Generated Files\Release">
      <UniqueIdentifier>{22e1e534-5a7b-4d4a-9a05-3cbe97478f8f}</UniqueIdentifier>
      <Extensions>cpp;moc</Extensions>
      <SourceControlFiles>False</SourceControlFiles>
    </Filter>
    <Filter Include="Generated Files\StaticDebug">
      <UniqueIdentifier>{9e9b167f-2b38-44d0-a36c-c08e71eb13a8}</UniqueIdentifier>
      <Extensions>cpp;moc</Extensions>
      <SourceControlFiles>False</SourceControlFiles>
    </Filter>
    <Filter Include="Generated Files\StaticRelease">
      <UniqueIdentifier>{cf5e88d9-fd60-492c-b5dd-bc7b750c2f6b}</UniqueIdentifier>
      <Extensions>cpp;moc</Extensions>
      <SourceControlFiles>False</SourceControlFiles>
    </Filter>
  </ItemGroup>
  <ItemGroup>
    <ClCompile Include="main.cpp">
      <Filter>Source Files</Filter>
    </ClCompile>
    <ClCompile Include="SyntroDB.cpp">
      <Filter>Source Files</Filter>
    </ClCompile>
    <ClCompile Include="CFSClient.cpp">
      <Filter>Source Files</Filter>
    </ClCompile>
    <ClCompile Include="CFSThread.cpp">
      <Filter>Source Files</Filter>
    </ClCompile>
    <ClCompile Include="DirThread.cpp">
      <Filter>Source Files</Filter>
    </ClCompile>
    <ClCompile Include="StoreClient.cpp">
      <Filter>Source Files</Filter>
    </ClCompile>
    <ClCompile Include="StoreStream.cpp">
      <Filter>Source Files</Filter>
    </ClCompile>
    <ClCompile Include="StoreStreamDlg.cpp">
      <Filter>Source Files</Filter>
    </ClCompile>
    <ClCompile Include="SyntroDBConsole.cpp">
      <Filter>Source Files</Filter>
    </ClCompile>
    <ClCompile Include="GeneratedFiles\Debug\moc_SyntroDBConsole.cpp">
      <Filter>Generated Files\Debug</Filter>
    </ClCompile>
    <ClCompile Include="GeneratedFiles\Release\moc_SyntroDBConsole.cpp">
      <Filter>Generated Files\Release</Filter>
    </ClCompile>
    <ClCompile Include="GeneratedFiles\StaticDebug\moc_SyntroDBConsole.cpp">
      <Filter>Generated Files\StaticDebug</Filter>
    </ClCompile>
    <ClCompile Include="GeneratedFiles\StaticRelease\moc_SyntroDBConsole.cpp">
      <Filter>Generated Files\StaticRelease</Filter>
    </ClCompile>
    <ClCompile Include="GeneratedFiles\Debug\moc_StoreStreamDlg.cpp">
      <Filter>Generated Files\Debug</Filter>
    </ClCompile>
    <ClCompile Include="GeneratedFiles\Release\moc_StoreStreamDlg.cpp">
      <Filter>Generated Files\Release</Filter>
    </ClCompile>
    <ClCompile Include="GeneratedFiles\StaticDebug\moc_StoreStreamDlg.cpp">
      <Filter>Generated Files\StaticDebug</Filter>
    </ClCompile>
    <ClCompile Include="GeneratedFiles\StaticRelease\moc_StoreStreamDlg.cpp">
      <Filter>Generated Files\StaticRelease</Filter>
    </ClCompile>
    <ClCompile Include="GeneratedFiles\Debug\moc_StoreClient.cpp">
      <Filter>Generated Files\Debug</Filter>
    </ClCompile>
    <ClCompile Include="GeneratedFiles\Release\moc_StoreClient.cpp">
      <Filter>Generated Files\Release</Filter>
    </ClCompile>
    <ClCompile Include="GeneratedFiles\StaticDebug\moc_StoreClient.cpp">
      <Filter>Generated Files\StaticDebug</Filter>
    </ClCompile>
    <ClCompile Include="GeneratedFiles\StaticRelease\moc_StoreClient.cpp">
      <Filter>Generated Files\StaticRelease</Filter>
    </ClCompile>
    <ClCompile Include="GeneratedFiles\Debug\moc_DirThread.cpp">
      <Filter>Generated Files\Debug</Filter>
    </ClCompile>
    <ClCompile Include="GeneratedFiles\Release\moc_DirThread.cpp">
      <Filter>Generated Files\Release</Filter>
    </ClCompile>
    <ClCompile Include="GeneratedFiles\StaticDebug\moc_DirThread.cpp">
      <Filter>Generated Files\StaticDebug</Filter>
    </ClCompile>
    <ClCompile Include="GeneratedFiles\StaticRelease\moc_DirThread.cpp">
      <Filter>Generated Files\StaticRelease</Filter>
    </ClCompile>
    <ClCompile Include="GeneratedFiles\Debug\moc_CFSThread.cpp">
      <Filter>Generated Files\Debug</Filter>
    </ClCompile>
    <ClCompile Include="GeneratedFiles\Release\moc_CFSThread.cpp">
      <Filter>Generated Files\Release</Filter>
    </ClCompile>
    <ClCompile Include="GeneratedFiles\StaticDebug\moc_CFSThread.cpp">
      <Filter>Generated Files\StaticDebug</Filter>
    </ClCompile>
    <ClCompile Include="GeneratedFiles\StaticRelease\moc_CFSThread.cpp">
      <Filter>Generated Files\StaticRelease</Filter>
    </ClCompile>
    <ClCompile Include="GeneratedFiles\Debug\moc_CFSClient.cpp">
      <Filter>Generated Files\Debug</Filter>
    </ClCompile>
    <ClCompile Include="GeneratedFiles\Release\moc_CFSClient.cpp">
      <Filter>Generated Files\Release</Filter>
    </ClCompile>
    <ClCompile Include="GeneratedFiles\StaticDebug\moc_CFSClient.cpp">
      <Filter>Generated Files\StaticDebug</Filter>
    </ClCompile>
    <ClCompile Include="GeneratedFiles\StaticRelease\moc_CFSClient.cpp">
      <Filter>Generated Files\StaticRelease</Filter>
    </ClCompile>
    <ClCompile Include="GeneratedFiles\Debug\moc_SyntroDB.cpp">
      <Filter>Generated Files\Debug</Filter>
    </ClCompile>
    <ClCompile Include="GeneratedFiles\Release\moc_SyntroDB.cpp">
      <Filter>Generated Files\Release</Filter>
    </ClCompile>
    <ClCompile Include="GeneratedFiles\StaticDebug\moc_SyntroDB.cpp">
      <Filter>Generated Files\StaticDebug</Filter>
    </ClCompile>
    <ClCompile Include="GeneratedFiles\StaticRelease\moc_SyntroDB.cpp">
      <Filter>Generated Files\StaticRelease</Filter>
    </ClCompile>
    <ClCompile Include="ConfigurationDlg.cpp">
      <Filter>Source Files</Filter>
    </ClCompile>
    <ClCompile Include="GeneratedFiles\Debug\moc_ConfigurationDlg.cpp">
      <Filter>Generated Files\Debug</Filter>
    </ClCompile>
    <ClCompile Include="GeneratedFiles\Release\moc_ConfigurationDlg.cpp">
      <Filter>Generated Files\Release</Filter>
    </ClCompile>
    <ClCompile Include="GeneratedFiles\StaticDebug\moc_ConfigurationDlg.cpp">
      <Filter>Generated Files\StaticDebug</Filter>
    </ClCompile>
    <ClCompile Include="GeneratedFiles\StaticRelease\moc_ConfigurationDlg.cpp">
      <Filter>Generated Files\StaticRelease</Filter>
    </ClCompile>
    <ClCompile Include="SyntroStoreBlocksRaw.cpp">
      <Filter>Source Files</Filter>
    </ClCompile>
    <ClCompile Include="SyntroStore.cpp">
      <Filter>Source Files</Filter>
    </ClCompile>
    <ClCompile Include="SyntroStoreBlocksStructured.cpp">
      <Filter>Source Files</Filter>
    </ClCompile>
    <ClCompile Include="StoreManager.cpp">
      <Filter>Source Files</Filter>
    </ClCompile>
    <ClCompile Include="SyntroCFS.cpp">
      <Filter>Source Files</Filter>
    </ClCompile>
    <ClCompile Include="SyntroCFSRaw.cpp">
      <Filter>Source Files</Filter>
    </ClCompile>
    <ClCompile Include="SyntroCFSStructured.cpp">
      <Filter>Source Files</Filter>
    </ClCompile>
  </ItemGroup>
  <ItemGroup>
    <CustomBuild Include="SyntroDB.h">
      <Filter>Header Files</Filter>
    </CustomBuild>
    <CustomBuild Include="SyntroDB.ui">
      <Filter>Form Files</Filter>
    </CustomBuild>
    <CustomBuild Include="CFSClient.h">
      <Filter>Header Files</Filter>
    </CustomBuild>
    <CustomBuild Include="CFSThread.h">
      <Filter>Header Files</Filter>
    </CustomBuild>
    <CustomBuild Include="DirThread.h">
      <Filter>Header Files</Filter>
    </CustomBuild>
    <CustomBuild Include="StoreClient.h">
      <Filter>Header Files</Filter>
    </CustomBuild>
    <CustomBuild Include="StoreStreamDlg.h">
      <Filter>Header Files</Filter>
    </CustomBuild>
    <CustomBuild Include="SyntroDBConsole.h">
      <Filter>Header Files</Filter>
    </CustomBuild>
    <CustomBuild Include="ConfigurationDlg.h">
      <Filter>Header Files</Filter>
    </CustomBuild>
  </ItemGroup>
  <ItemGroup>
    <ClInclude Include="GeneratedFiles\ui_SyntroDB.h">
      <Filter>Generated Files</Filter>
    </ClInclude>
    <ClInclude Include="StoreStream.h">
      <Filter>Header Files</Filter>
    </ClInclude>
    <ClInclude Include="SyntroStoreBlocksRaw.h">
      <Filter>Header Files</Filter>
    </ClInclude>
    <ClInclude Include="SyntroStore.h">
      <Filter>Header Files</Filter>
    </ClInclude>
    <ClInclude Include="SyntroStoreBlocksStructured.h">
      <Filter>Header Files</Filter>
    </ClInclude>
    <ClInclude Include="StoreManager.h">
      <Filter>Header Files</Filter>
    </ClInclude>
    <ClInclude Include="SyntroCFS.h">
      <Filter>Header Files</Filter>
    </ClInclude>
    <ClInclude Include="SyntroCFSRaw.h">
      <Filter>Header Files</Filter>
    </ClInclude>
    <ClInclude Include="SyntroCFSStructured.h">
      <Filter>Header Files</Filter>
    </ClInclude>
  </ItemGroup>
</Project>