
Microsoft Visual Studio Solution File, Format Version 11.00
# Visual Studio 2010
Project("{8BC9CEB8-8B4A-11D0-8D11-00A0C91BC942}") = "SyntroGUI", "SyntroGUI.vcxproj", "{6C4FD925-8AB3-46BA-BA13-C3A963090BE2}"
EndProject
Global
	GlobalSection(SolutionConfigurationPlatforms) = preSolution
		Debug|Win32 = Debug|Win32
		Release|Win32 = Release|Win32
		StaticDebug|Win32 = StaticDebug|Win32
		StaticRelease|Win32 = StaticRelease|Win32
	EndGlobalSection
	GlobalSection(ProjectConfigurationPlatforms) = postSolution
		{6C4FD925-8AB3-46BA-BA13-C3A963090BE2}.Debug|Win32.ActiveCfg = Debug|Win32
		{6C4FD925-8AB3-46BA-BA13-C3A963090BE2}.Debug|Win32.Build.0 = Debug|Win32
		{6C4FD925-8AB3-46BA-BA13-C3A963090BE2}.Release|Win32.ActiveCfg = Release|Win32
		{6C4FD925-8AB3-46BA-BA13-C3A963090BE2}.Release|Win32.Build.0 = Release|Win32
		{6C4FD925-8AB3-46BA-BA13-C3A963090BE2}.StaticDebug|Win32.ActiveCfg = StaticDebug|Win32
		{6C4FD925-8AB3-46BA-BA13-C3A963090BE2}.StaticDebug|Win32.Build.0 = StaticDebug|Win32
		{6C4FD925-8AB3-46BA-BA13-C3A963090BE2}.StaticRelease|Win32.ActiveCfg = StaticRelease|Win32
		{6C4FD925-8AB3-46BA-BA13-C3A963090BE2}.StaticRelease|Win32.Build.0 = StaticRelease|Win32
	EndGlobalSection
	GlobalSection(SolutionProperties) = preSolution
		HideSolutionNode = FALSE
	EndGlobalSection
EndGlobal
