<?xml version="1.0" encoding="utf-8"?>
<Project ToolsVersion="4.0" xmlns="http://schemas.microsoft.com/developer/msbuild/2003">
  <ItemGroup>
    <Filter Include="Source Files">
      <UniqueIdentifier>{4FC737F1-C7A5-4376-A066-2A32D752A2FF}</UniqueIdentifier>
      <Extensions>cpp;cxx;c;def</Extensions>
    </Filter>
    <Filter Include="Header Files">
      <UniqueIdentifier>{93995380-89BD-4b04-88EB-625FBE52EBFB}</UniqueIdentifier>
      <Extensions>h</Extensions>
    </Filter>
    <Filter Include="Form Files">
      <UniqueIdentifier>{99349809-55BA-4b9d-BF79-8FDBB0286EB3}</UniqueIdentifier>
      <Extensions>ui</Extensions>
    </Filter>
    <Filter Include="Resource Files">
      <UniqueIdentifier>{D9D6E242-F8AF-46E4-B9FD-80ECBC20BA3E}</UniqueIdentifier>
      <Extensions>qrc;*</Extensions>
      <ParseFiles>false</ParseFiles>
    </Filter>
    <Filter Include="Generated Files">
      <UniqueIdentifier>{71ED8ED8-ACB9-4CE9-BBE1-E00B30144E11}</UniqueIdentifier>
      <Extensions>moc;h;cpp</Extensions>
      <SourceControlFiles>False</SourceControlFiles>
    </Filter>
    <Filter Include="Generated Files\Debug">
      <UniqueIdentifier>{a526846e-a0b3-4a30-b134-0d4c556a1252}</UniqueIdentifier>
      <Extensions>cpp;moc</Extensions>
      <SourceControlFiles>False</SourceControlFiles>
    </Filter>
    <Filter Include="Generated Files\Release">
      <UniqueIdentifier>{007814d9-d693-4d17-98aa-be9cc94484e0}</UniqueIdentifier>
      <Extensions>cpp;moc</Extensions>
      <SourceControlFiles>False</SourceControlFiles>
    </Filter>
    <Filter Include="Generated Files\StaticDebug">
      <UniqueIdentifier>{921f7179-5bf5-4ca4-944b-dcda4c5f3457}</UniqueIdentifier>
    </Filter>
    <Filter Include="Generated Files\StaticRelease">
      <UniqueIdentifier>{dd4d9719-de68-4ad3-8ec0-73784c75b182}</UniqueIdentifier>
    </Filter>
  </ItemGroup>
  <ItemGroup>
    <ClCompile Include="main.cpp">
      <Filter>Source Files</Filter>
    </ClCompile>
    <ClCompile Include="SyntroControl.cpp">
      <Filter>Source Files</Filter>
    </ClCompile>
    <ClCompile Include="DirectoryDialog.cpp">
      <Filter>Source Files</Filter>
    </ClCompile>
    <ClCompile Include="MulticastDialog.cpp">
      <Filter>Source Files</Filter>
    </ClCompile>
    <ClCompile Include="ControlConsole.cpp">
      <Filter>Source Files</Filter>
    </ClCompile>
    <ClCompile Include="GeneratedFiles\StaticDebug\moc_SyntroControl.cpp">
      <Filter>Generated Files\StaticDebug</Filter>
    </ClCompile>
    <ClCompile Include="GeneratedFiles\Debug\moc_SyntroControl.cpp">
      <Filter>Generated Files\Debug</Filter>
    </ClCompile>
    <ClCompile Include="GeneratedFiles\Release\moc_SyntroControl.cpp">
      <Filter>Generated Files\Release</Filter>
    </ClCompile>
    <ClCompile Include="GeneratedFiles\StaticRelease\moc_SyntroControl.cpp">
      <Filter>Generated Files\StaticRelease</Filter>
    </ClCompile>
    <ClCompile Include="GeneratedFiles\StaticDebug\moc_MulticastDialog.cpp">
      <Filter>Generated Files\StaticDebug</Filter>
    </ClCompile>
    <ClCompile Include="GeneratedFiles\Debug\moc_MulticastDialog.cpp">
      <Filter>Generated Files\Debug</Filter>
    </ClCompile>
    <ClCompile Include="GeneratedFiles\Release\moc_MulticastDialog.cpp">
      <Filter>Generated Files\Release</Filter>
    </ClCompile>
    <ClCompile Include="GeneratedFiles\StaticRelease\moc_MulticastDialog.cpp">
      <Filter>Generated Files\StaticRelease</Filter>
    </ClCompile>
    <ClCompile Include="GeneratedFiles\StaticDebug\moc_DirectoryDialog.cpp">
      <Filter>Generated Files\StaticDebug</Filter>
    </ClCompile>
    <ClCompile Include="GeneratedFiles\Debug\moc_DirectoryDialog.cpp">
      <Filter>Generated Files\Debug</Filter>
    </ClCompile>
    <ClCompile Include="GeneratedFiles\Release\moc_DirectoryDialog.cpp">
      <Filter>Generated Files\Release</Filter>
    </ClCompile>
    <ClCompile Include="GeneratedFiles\StaticRelease\moc_DirectoryDialog.cpp">
      <Filter>Generated Files\StaticRelease</Filter>
    </ClCompile>
    <ClCompile Include="GeneratedFiles\StaticDebug\moc_ControlConsole.cpp">
      <Filter>Generated Files\StaticDebug</Filter>
    </ClCompile>
    <ClCompile Include="GeneratedFiles\Debug\moc_ControlConsole.cpp">
      <Filter>Generated Files\Debug</Filter>
    </ClCompile>
    <ClCompile Include="GeneratedFiles\Release\moc_ControlConsole.cpp">
      <Filter>Generated Files\Release</Filter>
    </ClCompile>
    <ClCompile Include="GeneratedFiles\StaticRelease\moc_ControlConsole.cpp">
      <Filter>Generated Files\StaticRelease</Filter>
    </ClCompile>
    <ClCompile Include="..\Common\HelloDialog.cpp">
      <Filter>Source Files</Filter>
    </ClCompile>
    <ClCompile Include="GeneratedFiles\StaticDebug\moc_HelloDialog.cpp">
      <Filter>Generated Files\StaticDebug</Filter>
    </ClCompile>
    <ClCompile Include="GeneratedFiles\Debug\moc_HelloDialog.cpp">
      <Filter>Generated Files\Debug</Filter>
    </ClCompile>
    <ClCompile Include="GeneratedFiles\StaticRelease\moc_HelloDialog.cpp">
      <Filter>Generated Files\StaticRelease</Filter>
    </ClCompile>
    <ClCompile Include="GeneratedFiles\Release\moc_HelloDialog.cpp">
      <Filter>Generated Files\Release</Filter>
    </ClCompile>
    <ClCompile Include="ControlSetupDlg.cpp">
      <Filter>Source Files</Filter>
    </ClCompile>
    <ClCompile Include="GeneratedFiles\StaticDebug\moc_ControlSetupDlg.cpp">
      <Filter>Generated Files\StaticDebug</Filter>
    </ClCompile>
    <ClCompile Include="GeneratedFiles\Debug\moc_ControlSetupDlg.cpp">
      <Filter>Generated Files\Debug</Filter>
    </ClCompile>
    <ClCompile Include="GeneratedFiles\StaticRelease\moc_ControlSetupDlg.cpp">
      <Filter>Generated Files\StaticRelease</Filter>
    </ClCompile>
    <ClCompile Include="GeneratedFiles\Release\moc_ControlSetupDlg.cpp">
      <Filter>Generated Files\Release</Filter>
    </ClCompile>
  </ItemGroup>
  <ItemGroup>
    <ClInclude Include="GeneratedFiles\ui_SyntroControl.h">
      <Filter>Generated Files</Filter>
    </ClInclude>
  </ItemGroup>
  <ItemGroup>
    <CustomBuild Include="SyntroControl.h">
      <Filter>Header Files</Filter>
    </CustomBuild>
    <CustomBuild Include="SyntroControl.ui">
      <Filter>Form Files</Filter>
    </CustomBuild>
    <CustomBuild Include="DirectoryDialog.h">
      <Filter>Header Files</Filter>
    </CustomBuild>
    <CustomBuild Include="MulticastDialog.h">
      <Filter>Header Files</Filter>
    </CustomBuild>
    <CustomBuild Include="ControlConsole.h">
      <Filter>Header Files</Filter>
    </CustomBuild>
    <CustomBuild Include="..\Common\HelloDialog.h">
      <Filter>Header Files</Filter>
    </CustomBuild>
    <CustomBuild Include="ControlSetupDlg.h">
      <Filter>Header Files</Filter>
    </CustomBuild>
  </ItemGroup>
</Project>